
Microsoft Visual Studio Solution File, Format Version 12.00
# Visual Studio Version 17
VisualStudioVersion = 17.3.32922.545
MinimumVisualStudioVersion = 10.0.40219.1
Project("{FAE04EC0-301F-11D3-BF4B-00C04F79EFBC}") = "LabIsrpo2", "LabIsrpo2\LabIsrpo2.csproj", "{0B13A549-7AC2-446E-81D4-0818F2B39751}"
EndProject
Global
	GlobalSection(SolutionConfigurationPlatforms) = preSolution
		Debug|Any CPU = Debug|Any CPU
		Release|Any CPU = Release|Any CPU
	EndGlobalSection
	GlobalSection(ProjectConfigurationPlatforms) = postSolution
		{0B13A549-7AC2-446E-81D4-0818F2B39751}.Debug|Any CPU.ActiveCfg = Debug|Any CPU
		{0B13A549-7AC2-446E-81D4-0818F2B39751}.Debug|Any CPU.Build.0 = Debug|Any CPU
		{0B13A549-7AC2-446E-81D4-0818F2B39751}.Release|Any CPU.ActiveCfg = Release|Any CPU
		{0B13A549-7AC2-446E-81D4-0818F2B39751}.Release|Any CPU.Build.0 = Release|Any CPU
	EndGlobalSection
	GlobalSection(SolutionProperties) = preSolution
		HideSolutionNode = FALSE
	EndGlobalSection
	GlobalSection(ExtensibilityGlobals) = postSolution
		SolutionGuid = {170E1F36-C36F-4B22-A448-A2414BB40F05}
	EndGlobalSection
EndGlobal
